// !$*UTF8*$!
{
	archiveVersion = 1;
	classes = {
	};
	objectVersion = 52;
	objects = {

/* Begin PBXBuildFile section */
		E318601F24AE4FB100601F42 /* AppDelegate.swift in Sources */ = {isa = PBXBuildFile; fileRef = E318601E24AE4FB100601F42 /* AppDelegate.swift */; };
		E318602124AE4FB100601F42 /* DDMacView.swift in Sources */ = {isa = PBXBuildFile; fileRef = E318602024AE4FB100601F42 /* DDMacView.swift */; };
		E318602324AE4FB300601F42 /* Assets.xcassets in Resources */ = {isa = PBXBuildFile; fileRef = E318602224AE4FB300601F42 /* Assets.xcassets */; };
		E318602624AE4FB300601F42 /* Preview Assets.xcassets in Resources */ = {isa = PBXBuildFile; fileRef = E318602524AE4FB300601F42 /* Preview Assets.xcassets */; };
		E318602924AE4FB300601F42 /* Main.storyboard in Resources */ = {isa = PBXBuildFile; fileRef = E318602724AE4FB300601F42 /* Main.storyboard */; };
		E318603524AE4FB300601F42 /* DDMacTests.swift in Sources */ = {isa = PBXBuildFile; fileRef = E318603424AE4FB300601F42 /* DDMacTests.swift */; };
		E318604024AE4FB300601F42 /* DDMacUITests.swift in Sources */ = {isa = PBXBuildFile; fileRef = E318603F24AE4FB300601F42 /* DDMacUITests.swift */; };
		E318605024AE503900601F42 /* DDCore in Frameworks */ = {isa = PBXBuildFile; productRef = E318604F24AE503900601F42 /* DDCore */; };
		E31B451224D358CB00F0E443 /* AccentButtonStyle.swift in Sources */ = {isa = PBXBuildFile; fileRef = E31B451124D358CB00F0E443 /* AccentButtonStyle.swift */; };
		E32C28C424AE5A1700ACAD0A /* HeaderView.swift in Sources */ = {isa = PBXBuildFile; fileRef = E32C28C324AE5A1700ACAD0A /* HeaderView.swift */; };
		E32C28CA24AE5D9B00ACAD0A /* NavigationFilterView.swift in Sources */ = {isa = PBXBuildFile; fileRef = E32C28C924AE5D9B00ACAD0A /* NavigationFilterView.swift */; };
		E32C28CC24AE5DCE00ACAD0A /* DDMacApp.swift in Sources */ = {isa = PBXBuildFile; fileRef = E32C28CB24AE5DCE00ACAD0A /* DDMacApp.swift */; };
		E33EFF2C24CF2A970090F4F4 /* SidebarView.swift in Sources */ = {isa = PBXBuildFile; fileRef = E33EFF2B24CF2A970090F4F4 /* SidebarView.swift */; };
		E3661EA124CF479A00E96337 /* PrimaryView.swift in Sources */ = {isa = PBXBuildFile; fileRef = E3661EA024CF479A00E96337 /* PrimaryView.swift */; };
		E3C6976424CF6CC800B179D2 /* SwiftUI.framework in Frameworks */ = {isa = PBXBuildFile; fileRef = E3C6976324CF6CC800B179D2 /* SwiftUI.framework */; };
		E3C6976724D024BA00B179D2 /* DetailView.swift in Sources */ = {isa = PBXBuildFile; fileRef = E3C6976624D024BA00B179D2 /* DetailView.swift */; };
		E3F708AB24D2A95D00E0F71D /* TestData.swift in Sources */ = {isa = PBXBuildFile; fileRef = E3F708AA24D2A95D00E0F71D /* TestData.swift */; };
		E3F708AD24D2CE6500E0F71D /* StepCreateView.swift in Sources */ = {isa = PBXBuildFile; fileRef = E3F708AC24D2CE6500E0F71D /* StepCreateView.swift */; };
		E3F708AF24D2CE9B00E0F71D /* StepEditView.swift in Sources */ = {isa = PBXBuildFile; fileRef = E3F708AE24D2CE9B00E0F71D /* StepEditView.swift */; };
/* End PBXBuildFile section */

/* Begin PBXContainerItemProxy section */
		E318603124AE4FB300601F42 /* PBXContainerItemProxy */ = {
			isa = PBXContainerItemProxy;
			containerPortal = E318601324AE4FB100601F42 /* Project object */;
			proxyType = 1;
			remoteGlobalIDString = E318601A24AE4FB100601F42;
			remoteInfo = DDMac;
		};
		E318603C24AE4FB300601F42 /* PBXContainerItemProxy */ = {
			isa = PBXContainerItemProxy;
			containerPortal = E318601324AE4FB100601F42 /* Project object */;
			proxyType = 1;
			remoteGlobalIDString = E318601A24AE4FB100601F42;
			remoteInfo = DDMac;
		};
/* End PBXContainerItemProxy section */

/* Begin PBXFileReference section */
		E318601B24AE4FB100601F42 /* DDMac.app */ = {isa = PBXFileReference; explicitFileType = wrapper.application; includeInIndex = 0; path = DDMac.app; sourceTree = BUILT_PRODUCTS_DIR; };
		E318601E24AE4FB100601F42 /* AppDelegate.swift */ = {isa = PBXFileReference; lastKnownFileType = sourcecode.swift; path = AppDelegate.swift; sourceTree = "<group>"; };
		E318602024AE4FB100601F42 /* DDMacView.swift */ = {isa = PBXFileReference; lastKnownFileType = sourcecode.swift; path = DDMacView.swift; sourceTree = "<group>"; };
		E318602224AE4FB300601F42 /* Assets.xcassets */ = {isa = PBXFileReference; lastKnownFileType = folder.assetcatalog; path = Assets.xcassets; sourceTree = "<group>"; };
		E318602524AE4FB300601F42 /* Preview Assets.xcassets */ = {isa = PBXFileReference; lastKnownFileType = folder.assetcatalog; path = "Preview Assets.xcassets"; sourceTree = "<group>"; };
		E318602824AE4FB300601F42 /* Base */ = {isa = PBXFileReference; lastKnownFileType = file.storyboard; name = Base; path = Base.lproj/Main.storyboard; sourceTree = "<group>"; };
		E318602A24AE4FB300601F42 /* Info.plist */ = {isa = PBXFileReference; lastKnownFileType = text.plist.xml; path = Info.plist; sourceTree = "<group>"; };
		E318602B24AE4FB300601F42 /* DDMac.entitlements */ = {isa = PBXFileReference; lastKnownFileType = text.plist.entitlements; path = DDMac.entitlements; sourceTree = "<group>"; };
		E318603024AE4FB300601F42 /* DDMacTests.xctest */ = {isa = PBXFileReference; explicitFileType = wrapper.cfbundle; includeInIndex = 0; path = DDMacTests.xctest; sourceTree = BUILT_PRODUCTS_DIR; };
		E318603424AE4FB300601F42 /* DDMacTests.swift */ = {isa = PBXFileReference; lastKnownFileType = sourcecode.swift; path = DDMacTests.swift; sourceTree = "<group>"; };
		E318603624AE4FB300601F42 /* Info.plist */ = {isa = PBXFileReference; lastKnownFileType = text.plist.xml; path = Info.plist; sourceTree = "<group>"; };
		E318603B24AE4FB300601F42 /* DDMacUITests.xctest */ = {isa = PBXFileReference; explicitFileType = wrapper.cfbundle; includeInIndex = 0; path = DDMacUITests.xctest; sourceTree = BUILT_PRODUCTS_DIR; };
		E318603F24AE4FB300601F42 /* DDMacUITests.swift */ = {isa = PBXFileReference; lastKnownFileType = sourcecode.swift; path = DDMacUITests.swift; sourceTree = "<group>"; };
		E318604124AE4FB300601F42 /* Info.plist */ = {isa = PBXFileReference; lastKnownFileType = text.plist.xml; path = Info.plist; sourceTree = "<group>"; };
		E318604D24AE4FEE00601F42 /* DDCore */ = {isa = PBXFileReference; lastKnownFileType = folder; name = DDCore; path = ../DDCore; sourceTree = "<group>"; };
		E31B451124D358CB00F0E443 /* AccentButtonStyle.swift */ = {isa = PBXFileReference; lastKnownFileType = sourcecode.swift; path = AccentButtonStyle.swift; sourceTree = "<group>"; };
		E32C28C324AE5A1700ACAD0A /* HeaderView.swift */ = {isa = PBXFileReference; lastKnownFileType = sourcecode.swift; path = HeaderView.swift; sourceTree = "<group>"; };
		E32C28C924AE5D9B00ACAD0A /* NavigationFilterView.swift */ = {isa = PBXFileReference; lastKnownFileType = sourcecode.swift; name = NavigationFilterView.swift; path = DDMac/Views/NavigationFilterView.swift; sourceTree = SOURCE_ROOT; };
		E32C28CB24AE5DCE00ACAD0A /* DDMacApp.swift */ = {isa = PBXFileReference; lastKnownFileType = sourcecode.swift; path = DDMacApp.swift; sourceTree = "<group>"; };
		E33EFF2B24CF2A970090F4F4 /* SidebarView.swift */ = {isa = PBXFileReference; lastKnownFileType = sourcecode.swift; path = SidebarView.swift; sourceTree = "<group>"; };
		E3661EA024CF479A00E96337 /* PrimaryView.swift */ = {isa = PBXFileReference; lastKnownFileType = sourcecode.swift; path = PrimaryView.swift; sourceTree = "<group>"; };
		E3C6976324CF6CC800B179D2 /* SwiftUI.framework */ = {isa = PBXFileReference; lastKnownFileType = wrapper.framework; name = SwiftUI.framework; path = System/Library/Frameworks/SwiftUI.framework; sourceTree = SDKROOT; };
		E3C6976624D024BA00B179D2 /* DetailView.swift */ = {isa = PBXFileReference; lastKnownFileType = sourcecode.swift; path = DetailView.swift; sourceTree = "<group>"; };
		E3F708AA24D2A95D00E0F71D /* TestData.swift */ = {isa = PBXFileReference; lastKnownFileType = sourcecode.swift; path = TestData.swift; sourceTree = "<group>"; };
		E3F708AC24D2CE6500E0F71D /* StepCreateView.swift */ = {isa = PBXFileReference; lastKnownFileType = sourcecode.swift; path = StepCreateView.swift; sourceTree = "<group>"; };
		E3F708AE24D2CE9B00E0F71D /* StepEditView.swift */ = {isa = PBXFileReference; lastKnownFileType = sourcecode.swift; path = StepEditView.swift; sourceTree = "<group>"; };
/* End PBXFileReference section */

/* Begin PBXFrameworksBuildPhase section */
		E318601824AE4FB100601F42 /* Frameworks */ = {
			isa = PBXFrameworksBuildPhase;
			buildActionMask = 2147483647;
			files = (
				E3C6976424CF6CC800B179D2 /* SwiftUI.framework in Frameworks */,
				E318605024AE503900601F42 /* DDCore in Frameworks */,
			);
			runOnlyForDeploymentPostprocessing = 0;
		};
		E318602D24AE4FB300601F42 /* Frameworks */ = {
			isa = PBXFrameworksBuildPhase;
			buildActionMask = 2147483647;
			files = (
			);
			runOnlyForDeploymentPostprocessing = 0;
		};
		E318603824AE4FB300601F42 /* Frameworks */ = {
			isa = PBXFrameworksBuildPhase;
			buildActionMask = 2147483647;
			files = (
			);
			runOnlyForDeploymentPostprocessing = 0;
		};
/* End PBXFrameworksBuildPhase section */

/* Begin PBXGroup section */
		E318601224AE4FB100601F42 = {
			isa = PBXGroup;
			children = (
				E318604D24AE4FEE00601F42 /* DDCore */,
				E318601D24AE4FB100601F42 /* DDMac */,
				E318603324AE4FB300601F42 /* DDMacTests */,
				E318603E24AE4FB300601F42 /* DDMacUITests */,
				E318601C24AE4FB100601F42 /* Products */,
				E318604E24AE503900601F42 /* Frameworks */,
			);
			sourceTree = "<group>";
		};
		E318601C24AE4FB100601F42 /* Products */ = {
			isa = PBXGroup;
			children = (
				E318601B24AE4FB100601F42 /* DDMac.app */,
				E318603024AE4FB300601F42 /* DDMacTests.xctest */,
				E318603B24AE4FB300601F42 /* DDMacUITests.xctest */,
			);
			name = Products;
			sourceTree = "<group>";
		};
		E318601D24AE4FB100601F42 /* DDMac */ = {
			isa = PBXGroup;
			children = (
				E3C6976524D0237F00B179D2 /* Views */,
				E32C28CB24AE5DCE00ACAD0A /* DDMacApp.swift */,
				E318601E24AE4FB100601F42 /* AppDelegate.swift */,
				E3F708AA24D2A95D00E0F71D /* TestData.swift */,
				E318602224AE4FB300601F42 /* Assets.xcassets */,
				E318602724AE4FB300601F42 /* Main.storyboard */,
				E318602A24AE4FB300601F42 /* Info.plist */,
				E318602B24AE4FB300601F42 /* DDMac.entitlements */,
				E318602424AE4FB300601F42 /* Preview Content */,
			);
			path = DDMac;
			sourceTree = "<group>";
		};
		E318602424AE4FB300601F42 /* Preview Content */ = {
			isa = PBXGroup;
			children = (
				E318602524AE4FB300601F42 /* Preview Assets.xcassets */,
			);
			path = "Preview Content";
			sourceTree = "<group>";
		};
		E318603324AE4FB300601F42 /* DDMacTests */ = {
			isa = PBXGroup;
			children = (
				E318603424AE4FB300601F42 /* DDMacTests.swift */,
				E318603624AE4FB300601F42 /* Info.plist */,
			);
			path = DDMacTests;
			sourceTree = "<group>";
		};
		E318603E24AE4FB300601F42 /* DDMacUITests */ = {
			isa = PBXGroup;
			children = (
				E318603F24AE4FB300601F42 /* DDMacUITests.swift */,
				E318604124AE4FB300601F42 /* Info.plist */,
			);
			path = DDMacUITests;
			sourceTree = "<group>";
		};
		E318604E24AE503900601F42 /* Frameworks */ = {
			isa = PBXGroup;
			children = (
				E3C6976324CF6CC800B179D2 /* SwiftUI.framework */,
			);
			name = Frameworks;
			sourceTree = "<group>";
		};
		E3C6976524D0237F00B179D2 /* Views */ = {
			isa = PBXGroup;
			children = (
				E318602024AE4FB100601F42 /* DDMacView.swift */,
				E32C28C324AE5A1700ACAD0A /* HeaderView.swift */,
				E32C28C924AE5D9B00ACAD0A /* NavigationFilterView.swift */,
				E33EFF2B24CF2A970090F4F4 /* SidebarView.swift */,
				E3661EA024CF479A00E96337 /* PrimaryView.swift */,
				E3F708AC24D2CE6500E0F71D /* StepCreateView.swift */,
				E3F708AE24D2CE9B00E0F71D /* StepEditView.swift */,
				E3C6976624D024BA00B179D2 /* DetailView.swift */,
				E31B451124D358CB00F0E443 /* AccentButtonStyle.swift */,
			);
			path = Views;
			sourceTree = "<group>";
		};
/* End PBXGroup section */

/* Begin PBXNativeTarget section */
		E318601A24AE4FB100601F42 /* DDMac */ = {
			isa = PBXNativeTarget;
			buildConfigurationList = E318604424AE4FB300601F42 /* Build configuration list for PBXNativeTarget "DDMac" */;
			buildPhases = (
				E318601724AE4FB100601F42 /* Sources */,
				E318601824AE4FB100601F42 /* Frameworks */,
				E318601924AE4FB100601F42 /* Resources */,
			);
			buildRules = (
			);
			dependencies = (
			);
			name = DDMac;
			packageProductDependencies = (
				E318604F24AE503900601F42 /* DDCore */,
			);
			productName = DDMac;
			productReference = E318601B24AE4FB100601F42 /* DDMac.app */;
			productType = "com.apple.product-type.application";
		};
		E318602F24AE4FB300601F42 /* DDMacTests */ = {
			isa = PBXNativeTarget;
			buildConfigurationList = E318604724AE4FB300601F42 /* Build configuration list for PBXNativeTarget "DDMacTests" */;
			buildPhases = (
				E318602C24AE4FB300601F42 /* Sources */,
				E318602D24AE4FB300601F42 /* Frameworks */,
				E318602E24AE4FB300601F42 /* Resources */,
			);
			buildRules = (
			);
			dependencies = (
				E318603224AE4FB300601F42 /* PBXTargetDependency */,
			);
			name = DDMacTests;
			productName = DDMacTests;
			productReference = E318603024AE4FB300601F42 /* DDMacTests.xctest */;
			productType = "com.apple.product-type.bundle.unit-test";
		};
		E318603A24AE4FB300601F42 /* DDMacUITests */ = {
			isa = PBXNativeTarget;
			buildConfigurationList = E318604A24AE4FB300601F42 /* Build configuration list for PBXNativeTarget "DDMacUITests" */;
			buildPhases = (
				E318603724AE4FB300601F42 /* Sources */,
				E318603824AE4FB300601F42 /* Frameworks */,
				E318603924AE4FB300601F42 /* Resources */,
			);
			buildRules = (
			);
			dependencies = (
				E318603D24AE4FB300601F42 /* PBXTargetDependency */,
			);
			name = DDMacUITests;
			productName = DDMacUITests;
			productReference = E318603B24AE4FB300601F42 /* DDMacUITests.xctest */;
			productType = "com.apple.product-type.bundle.ui-testing";
		};
/* End PBXNativeTarget section */

/* Begin PBXProject section */
		E318601324AE4FB100601F42 /* Project object */ = {
			isa = PBXProject;
			attributes = {
				LastSwiftUpdateCheck = 1150;
				LastUpgradeCheck = 1160;
				ORGANIZATIONNAME = Kharit;
				TargetAttributes = {
					E318601A24AE4FB100601F42 = {
						CreatedOnToolsVersion = 11.5;
					};
					E318602F24AE4FB300601F42 = {
						CreatedOnToolsVersion = 11.5;
						TestTargetID = E318601A24AE4FB100601F42;
					};
					E318603A24AE4FB300601F42 = {
						CreatedOnToolsVersion = 11.5;
						TestTargetID = E318601A24AE4FB100601F42;
					};
				};
			};
			buildConfigurationList = E318601624AE4FB100601F42 /* Build configuration list for PBXProject "DDMac" */;
			compatibilityVersion = "Xcode 9.3";
			developmentRegion = en;
			hasScannedForEncodings = 0;
			knownRegions = (
				en,
				Base,
			);
			mainGroup = E318601224AE4FB100601F42;
			productRefGroup = E318601C24AE4FB100601F42 /* Products */;
			projectDirPath = "";
			projectRoot = "";
			targets = (
				E318601A24AE4FB100601F42 /* DDMac */,
				E318602F24AE4FB300601F42 /* DDMacTests */,
				E318603A24AE4FB300601F42 /* DDMacUITests */,
			);
		};
/* End PBXProject section */

/* Begin PBXResourcesBuildPhase section */
		E318601924AE4FB100601F42 /* Resources */ = {
			isa = PBXResourcesBuildPhase;
			buildActionMask = 2147483647;
			files = (
				E318602924AE4FB300601F42 /* Main.storyboard in Resources */,
				E318602624AE4FB300601F42 /* Preview Assets.xcassets in Resources */,
				E318602324AE4FB300601F42 /* Assets.xcassets in Resources */,
			);
			runOnlyForDeploymentPostprocessing = 0;
		};
		E318602E24AE4FB300601F42 /* Resources */ = {
			isa = PBXResourcesBuildPhase;
			buildActionMask = 2147483647;
			files = (
			);
			runOnlyForDeploymentPostprocessing = 0;
		};
		E318603924AE4FB300601F42 /* Resources */ = {
			isa = PBXResourcesBuildPhase;
			buildActionMask = 2147483647;
			files = (
			);
			runOnlyForDeploymentPostprocessing = 0;
		};
/* End PBXResourcesBuildPhase section */

/* Begin PBXSourcesBuildPhase section */
		E318601724AE4FB100601F42 /* Sources */ = {
			isa = PBXSourcesBuildPhase;
			buildActionMask = 2147483647;
			files = (
				E3F708AB24D2A95D00E0F71D /* TestData.swift in Sources */,
				E31B451224D358CB00F0E443 /* AccentButtonStyle.swift in Sources */,
				E318602124AE4FB100601F42 /* DDMacView.swift in Sources */,
				E3C6976724D024BA00B179D2 /* DetailView.swift in Sources */,
				E32C28C424AE5A1700ACAD0A /* HeaderView.swift in Sources */,
				E33EFF2C24CF2A970090F4F4 /* SidebarView.swift in Sources */,
				E3F708AF24D2CE9B00E0F71D /* StepEditView.swift in Sources */,
				E3661EA124CF479A00E96337 /* PrimaryView.swift in Sources */,
				E3F708AD24D2CE6500E0F71D /* StepCreateView.swift in Sources */,
				E32C28CA24AE5D9B00ACAD0A /* NavigationFilterView.swift in Sources */,
				E32C28CC24AE5DCE00ACAD0A /* DDMacApp.swift in Sources */,
				E318601F24AE4FB100601F42 /* AppDelegate.swift in Sources */,
			);
			runOnlyForDeploymentPostprocessing = 0;
		};
		E318602C24AE4FB300601F42 /* Sources */ = {
			isa = PBXSourcesBuildPhase;
			buildActionMask = 2147483647;
			files = (
				E318603524AE4FB300601F42 /* DDMacTests.swift in Sources */,
			);
			runOnlyForDeploymentPostprocessing = 0;
		};
		E318603724AE4FB300601F42 /* Sources */ = {
			isa = PBXSourcesBuildPhase;
			buildActionMask = 2147483647;
			files = (
				E318604024AE4FB300601F42 /* DDMacUITests.swift in Sources */,
			);
			runOnlyForDeploymentPostprocessing = 0;
		};
/* End PBXSourcesBuildPhase section */

/* Begin PBXTargetDependency section */
		E318603224AE4FB300601F42 /* PBXTargetDependency */ = {
			isa = PBXTargetDependency;
			target = E318601A24AE4FB100601F42 /* DDMac */;
			targetProxy = E318603124AE4FB300601F42 /* PBXContainerItemProxy */;
		};
		E318603D24AE4FB300601F42 /* PBXTargetDependency */ = {
			isa = PBXTargetDependency;
			target = E318601A24AE4FB100601F42 /* DDMac */;
			targetProxy = E318603C24AE4FB300601F42 /* PBXContainerItemProxy */;
		};
/* End PBXTargetDependency section */

/* Begin PBXVariantGroup section */
		E318602724AE4FB300601F42 /* Main.storyboard */ = {
			isa = PBXVariantGroup;
			children = (
				E318602824AE4FB300601F42 /* Base */,
			);
			name = Main.storyboard;
			sourceTree = "<group>";
		};
/* End PBXVariantGroup section */

/* Begin XCBuildConfiguration section */
		E318604224AE4FB300601F42 /* Debug */ = {
			isa = XCBuildConfiguration;
			buildSettings = {
				ALWAYS_SEARCH_USER_PATHS = NO;
				CLANG_ANALYZER_NONNULL = YES;
				CLANG_ANALYZER_NUMBER_OBJECT_CONVERSION = YES_AGGRESSIVE;
				CLANG_CXX_LANGUAGE_STANDARD = "gnu++14";
				CLANG_CXX_LIBRARY = "libc++";
				CLANG_ENABLE_MODULES = YES;
				CLANG_ENABLE_OBJC_ARC = YES;
				CLANG_ENABLE_OBJC_WEAK = YES;
				CLANG_WARN_BLOCK_CAPTURE_AUTORELEASING = YES;
				CLANG_WARN_BOOL_CONVERSION = YES;
				CLANG_WARN_COMMA = YES;
				CLANG_WARN_CONSTANT_CONVERSION = YES;
				CLANG_WARN_DEPRECATED_OBJC_IMPLEMENTATIONS = YES;
				CLANG_WARN_DIRECT_OBJC_ISA_USAGE = YES_ERROR;
				CLANG_WARN_DOCUMENTATION_COMMENTS = YES;
				CLANG_WARN_EMPTY_BODY = YES;
				CLANG_WARN_ENUM_CONVERSION = YES;
				CLANG_WARN_INFINITE_RECURSION = YES;
				CLANG_WARN_INT_CONVERSION = YES;
				CLANG_WARN_NON_LITERAL_NULL_CONVERSION = YES;
				CLANG_WARN_OBJC_IMPLICIT_RETAIN_SELF = YES;
				CLANG_WARN_OBJC_LITERAL_CONVERSION = YES;
				CLANG_WARN_OBJC_ROOT_CLASS = YES_ERROR;
				CLANG_WARN_RANGE_LOOP_ANALYSIS = YES;
				CLANG_WARN_STRICT_PROTOTYPES = YES;
				CLANG_WARN_SUSPICIOUS_MOVE = YES;
				CLANG_WARN_UNGUARDED_AVAILABILITY = YES_AGGRESSIVE;
				CLANG_WARN_UNREACHABLE_CODE = YES;
				CLANG_WARN__DUPLICATE_METHOD_MATCH = YES;
				COPY_PHASE_STRIP = NO;
				DEBUG_INFORMATION_FORMAT = dwarf;
				ENABLE_STRICT_OBJC_MSGSEND = YES;
				ENABLE_TESTABILITY = YES;
				GCC_C_LANGUAGE_STANDARD = gnu11;
				GCC_DYNAMIC_NO_PIC = NO;
				GCC_NO_COMMON_BLOCKS = YES;
				GCC_OPTIMIZATION_LEVEL = 0;
				GCC_PREPROCESSOR_DEFINITIONS = (
					"DEBUG=1",
					"$(inherited)",
				);
				GCC_WARN_64_TO_32_BIT_CONVERSION = YES;
				GCC_WARN_ABOUT_RETURN_TYPE = YES_ERROR;
				GCC_WARN_UNDECLARED_SELECTOR = YES;
				GCC_WARN_UNINITIALIZED_AUTOS = YES_AGGRESSIVE;
				GCC_WARN_UNUSED_FUNCTION = YES;
				GCC_WARN_UNUSED_VARIABLE = YES;
				MACOSX_DEPLOYMENT_TARGET = 10.15;
				MTL_ENABLE_DEBUG_INFO = INCLUDE_SOURCE;
				MTL_FAST_MATH = YES;
				ONLY_ACTIVE_ARCH = YES;
				SDKROOT = macosx;
				SWIFT_ACTIVE_COMPILATION_CONDITIONS = DEBUG;
				SWIFT_OPTIMIZATION_LEVEL = "-Onone";
			};
			name = Debug;
		};
		E318604324AE4FB300601F42 /* Release */ = {
			isa = XCBuildConfiguration;
			buildSettings = {
				ALWAYS_SEARCH_USER_PATHS = NO;
				CLANG_ANALYZER_NONNULL = YES;
				CLANG_ANALYZER_NUMBER_OBJECT_CONVERSION = YES_AGGRESSIVE;
				CLANG_CXX_LANGUAGE_STANDARD = "gnu++14";
				CLANG_CXX_LIBRARY = "libc++";
				CLANG_ENABLE_MODULES = YES;
				CLANG_ENABLE_OBJC_ARC = YES;
				CLANG_ENABLE_OBJC_WEAK = YES;
				CLANG_WARN_BLOCK_CAPTURE_AUTORELEASING = YES;
				CLANG_WARN_BOOL_CONVERSION = YES;
				CLANG_WARN_COMMA = YES;
				CLANG_WARN_CONSTANT_CONVERSION = YES;
				CLANG_WARN_DEPRECATED_OBJC_IMPLEMENTATIONS = YES;
				CLANG_WARN_DIRECT_OBJC_ISA_USAGE = YES_ERROR;
				CLANG_WARN_DOCUMENTATION_COMMENTS = YES;
				CLANG_WARN_EMPTY_BODY = YES;
				CLANG_WARN_ENUM_CONVERSION = YES;
				CLANG_WARN_INFINITE_RECURSION = YES;
				CLANG_WARN_INT_CONVERSION = YES;
				CLANG_WARN_NON_LITERAL_NULL_CONVERSION = YES;
				CLANG_WARN_OBJC_IMPLICIT_RETAIN_SELF = YES;
				CLANG_WARN_OBJC_LITERAL_CONVERSION = YES;
				CLANG_WARN_OBJC_ROOT_CLASS = YES_ERROR;
				CLANG_WARN_RANGE_LOOP_ANALYSIS = YES;
				CLANG_WARN_STRICT_PROTOTYPES = YES;
				CLANG_WARN_SUSPICIOUS_MOVE = YES;
				CLANG_WARN_UNGUARDED_AVAILABILITY = YES_AGGRESSIVE;
				CLANG_WARN_UNREACHABLE_CODE = YES;
				CLANG_WARN__DUPLICATE_METHOD_MATCH = YES;
				COPY_PHASE_STRIP = NO;
				DEBUG_INFORMATION_FORMAT = "dwarf-with-dsym";
				ENABLE_NS_ASSERTIONS = NO;
				ENABLE_STRICT_OBJC_MSGSEND = YES;
				GCC_C_LANGUAGE_STANDARD = gnu11;
				GCC_NO_COMMON_BLOCKS = YES;
				GCC_WARN_64_TO_32_BIT_CONVERSION = YES;
				GCC_WARN_ABOUT_RETURN_TYPE = YES_ERROR;
				GCC_WARN_UNDECLARED_SELECTOR = YES;
				GCC_WARN_UNINITIALIZED_AUTOS = YES_AGGRESSIVE;
				GCC_WARN_UNUSED_FUNCTION = YES;
				GCC_WARN_UNUSED_VARIABLE = YES;
				MACOSX_DEPLOYMENT_TARGET = 10.15;
				MTL_ENABLE_DEBUG_INFO = NO;
				MTL_FAST_MATH = YES;
				SDKROOT = macosx;
				SWIFT_COMPILATION_MODE = wholemodule;
				SWIFT_OPTIMIZATION_LEVEL = "-O";
			};
			name = Release;
		};
		E318604524AE4FB300601F42 /* Debug */ = {
			isa = XCBuildConfiguration;
			buildSettings = {
				ASSETCATALOG_COMPILER_APPICON_NAME = AppIcon;
				CODE_SIGN_ENTITLEMENTS = DDMac/DDMac.entitlements;
				CODE_SIGN_IDENTITY = "Apple Development";
				CODE_SIGN_STYLE = Automatic;
				COMBINE_HIDPI_IMAGES = YES;
				DEVELOPMENT_ASSET_PATHS = "\"DDMac/Preview Content\"";
				DEVELOPMENT_TEAM = 35T4SM3LUJ;
				ENABLE_HARDENED_RUNTIME = YES;
				ENABLE_PREVIEWS = YES;
				INFOPLIST_FILE = DDMac/Info.plist;
				LD_RUNPATH_SEARCH_PATHS = (
					"$(inherited)",
					"@executable_path/../Frameworks",
				);
				MACOSX_DEPLOYMENT_TARGET = 10.15;
				PRODUCT_BUNDLE_IDENTIFIER = xyz.kharit.DDMac;
				PRODUCT_NAME = "$(TARGET_NAME)";
				SWIFT_VERSION = 5.0;
			};
			name = Debug;
		};
		E318604624AE4FB300601F42 /* Release */ = {
			isa = XCBuildConfiguration;
			buildSettings = {
				ASSETCATALOG_COMPILER_APPICON_NAME = AppIcon;
				CODE_SIGN_ENTITLEMENTS = DDMac/DDMac.entitlements;
				CODE_SIGN_IDENTITY = "Apple Development";
				CODE_SIGN_STYLE = Automatic;
				COMBINE_HIDPI_IMAGES = YES;
				DEVELOPMENT_ASSET_PATHS = "\"DDMac/Preview Content\"";
				DEVELOPMENT_TEAM = 35T4SM3LUJ;
				ENABLE_HARDENED_RUNTIME = YES;
				ENABLE_PREVIEWS = YES;
				INFOPLIST_FILE = DDMac/Info.plist;
				LD_RUNPATH_SEARCH_PATHS = (
					"$(inherited)",
					"@executable_path/../Frameworks",
				);
				MACOSX_DEPLOYMENT_TARGET = 10.15;
				PRODUCT_BUNDLE_IDENTIFIER = xyz.kharit.DDMac;
				PRODUCT_NAME = "$(TARGET_NAME)";
				SWIFT_VERSION = 5.0;
			};
			name = Release;
		};
		E318604824AE4FB300601F42 /* Debug */ = {
			isa = XCBuildConfiguration;
			buildSettings = {
				ALWAYS_EMBED_SWIFT_STANDARD_LIBRARIES = YES;
				BUNDLE_LOADER = "$(TEST_HOST)";
				CODE_SIGN_STYLE = Automatic;
				COMBINE_HIDPI_IMAGES = YES;
				DEVELOPMENT_TEAM = 35T4SM3LUJ;
				INFOPLIST_FILE = DDMacTests/Info.plist;
				LD_RUNPATH_SEARCH_PATHS = (
					"$(inherited)",
					"@executable_path/../Frameworks",
					"@loader_path/../Frameworks",
				);
				MACOSX_DEPLOYMENT_TARGET = 10.15;
				PRODUCT_BUNDLE_IDENTIFIER = xyz.kharit.DDMacTests;
				PRODUCT_NAME = "$(TARGET_NAME)";
				SWIFT_VERSION = 5.0;
				TEST_HOST = "$(BUILT_PRODUCTS_DIR)/DDMac.app/Contents/MacOS/DDMac";
			};
			name = Debug;
		};
		E318604924AE4FB300601F42 /* Release */ = {
			isa = XCBuildConfiguration;
			buildSettings = {
				ALWAYS_EMBED_SWIFT_STANDARD_LIBRARIES = YES;
				BUNDLE_LOADER = "$(TEST_HOST)";
				CODE_SIGN_STYLE = Automatic;
				COMBINE_HIDPI_IMAGES = YES;
				DEVELOPMENT_TEAM = 35T4SM3LUJ;
				INFOPLIST_FILE = DDMacTests/Info.plist;
				LD_RUNPATH_SEARCH_PATHS = (
					"$(inherited)",
					"@executable_path/../Frameworks",
					"@loader_path/../Frameworks",
				);
				MACOSX_DEPLOYMENT_TARGET = 10.15;
				PRODUCT_BUNDLE_IDENTIFIER = xyz.kharit.DDMacTests;
				PRODUCT_NAME = "$(TARGET_NAME)";
				SWIFT_VERSION = 5.0;
				TEST_HOST = "$(BUILT_PRODUCTS_DIR)/DDMac.app/Contents/MacOS/DDMac";
			};
			name = Release;
		};
		E318604B24AE4FB300601F42 /* Debug */ = {
			isa = XCBuildConfiguration;
			buildSettings = {
				ALWAYS_EMBED_SWIFT_STANDARD_LIBRARIES = YES;
				CODE_SIGN_STYLE = Automatic;
				COMBINE_HIDPI_IMAGES = YES;
				DEVELOPMENT_TEAM = 35T4SM3LUJ;
				INFOPLIST_FILE = DDMacUITests/Info.plist;
				LD_RUNPATH_SEARCH_PATHS = (
					"$(inherited)",
					"@executable_path/../Frameworks",
					"@loader_path/../Frameworks",
				);
				PRODUCT_BUNDLE_IDENTIFIER = xyz.kharit.DDMacUITests;
				PRODUCT_NAME = "$(TARGET_NAME)";
				SWIFT_VERSION = 5.0;
				TEST_TARGET_NAME = DDMac;
			};
			name = Debug;
		};
		E318604C24AE4FB300601F42 /* Release */ = {
			isa = XCBuildConfiguration;
			buildSettings = {
				ALWAYS_EMBED_SWIFT_STANDARD_LIBRARIES = YES;
				CODE_SIGN_STYLE = Automatic;
				COMBINE_HIDPI_IMAGES = YES;
				DEVELOPMENT_TEAM = 35T4SM3LUJ;
				INFOPLIST_FILE = DDMacUITests/Info.plist;
				LD_RUNPATH_SEARCH_PATHS = (
					"$(inherited)",
					"@executable_path/../Frameworks",
					"@loader_path/../Frameworks",
				);
				PRODUCT_BUNDLE_IDENTIFIER = xyz.kharit.DDMacUITests;
				PRODUCT_NAME = "$(TARGET_NAME)";
				SWIFT_VERSION = 5.0;
				TEST_TARGET_NAME = DDMac;
			};
			name = Release;
		};
/* End XCBuildConfiguration section */

/* Begin XCConfigurationList section */
		E318601624AE4FB100601F42 /* Build configuration list for PBXProject "DDMac" */ = {
			isa = XCConfigurationList;
			buildConfigurations = (
				E318604224AE4FB300601F42 /* Debug */,
				E318604324AE4FB300601F42 /* Release */,
			);
			defaultConfigurationIsVisible = 0;
			defaultConfigurationName = Release;
		};
		E318604424AE4FB300601F42 /* Build configuration list for PBXNativeTarget "DDMac" */ = {
			isa = XCConfigurationList;
			buildConfigurations = (
				E318604524AE4FB300601F42 /* Debug */,
				E318604624AE4FB300601F42 /* Release */,
			);
			defaultConfigurationIsVisible = 0;
			defaultConfigurationName = Release;
		};
		E318604724AE4FB300601F42 /* Build configuration list for PBXNativeTarget "DDMacTests" */ = {
			isa = XCConfigurationList;
			buildConfigurations = (
				E318604824AE4FB300601F42 /* Debug */,
				E318604924AE4FB300601F42 /* Release */,
			);
			defaultConfigurationIsVisible = 0;
			defaultConfigurationName = Release;
		};
		E318604A24AE4FB300601F42 /* Build configuration list for PBXNativeTarget "DDMacUITests" */ = {
			isa = XCConfigurationList;
			buildConfigurations = (
				E318604B24AE4FB300601F42 /* Debug */,
				E318604C24AE4FB300601F42 /* Release */,
			);
			defaultConfigurationIsVisible = 0;
			defaultConfigurationName = Release;
		};
/* End XCConfigurationList section */

/* Begin XCSwiftPackageProductDependency section */
		E318604F24AE503900601F42 /* DDCore */ = {
			isa = XCSwiftPackageProductDependency;
			productName = DDCore;
		};
/* End XCSwiftPackageProductDependency section */
	};
	rootObject = E318601324AE4FB100601F42 /* Project object */;
}
